
Microsoft Visual Studio Solution File, Format Version 12.00
# Visual Studio Version 17
VisualStudioVersion = 17.5.33516.290
MinimumVisualStudioVersion = 10.0.40219.1
Project("{9A19103F-16F7-4668-BE54-9A1E7A4F7556}") = "Proj.DAL", "Proj.DAL\Proj.DAL.csproj", "{F7981343-1077-4220-9907-66111C6AD32B}"
EndProject
Project("{9A19103F-16F7-4668-BE54-9A1E7A4F7556}") = "Proj.BLL", "Proj.BLL\Proj.BLL.csproj", "{23C86530-5CCE-4927-B8C0-2E9EEFA5B88D}"
EndProject
Project("{9A19103F-16F7-4668-BE54-9A1E7A4F7556}") = "Proj.PLL", "Proj.PLL\Proj.PLL.csproj", "{C7F21EA3-4812-4697-9228-B59936BF66F6}"
EndProject
Project("{9A19103F-16F7-4668-BE54-9A1E7A4F7556}") = "TestingPart", "TestingPart\TestingPart.csproj", "{939ED542-DE03-493A-B20A-398CF85223C7}"
EndProject
Global
	GlobalSection(SolutionConfigurationPlatforms) = preSolution
		Debug|Any CPU = Debug|Any CPU
		Release|Any CPU = Release|Any CPU
	EndGlobalSection
	GlobalSection(ProjectConfigurationPlatforms) = postSolution
		{F7981343-1077-4220-9907-66111C6AD32B}.Debug|Any CPU.ActiveCfg = Debug|Any CPU
		{F7981343-1077-4220-9907-66111C6AD32B}.Debug|Any CPU.Build.0 = Debug|Any CPU
		{F7981343-1077-4220-9907-66111C6AD32B}.Release|Any CPU.ActiveCfg = Release|Any CPU
		{F7981343-1077-4220-9907-66111C6AD32B}.Release|Any CPU.Build.0 = Release|Any CPU
		{23C86530-5CCE-4927-B8C0-2E9EEFA5B88D}.Debug|Any CPU.ActiveCfg = Debug|Any CPU
		{23C86530-5CCE-4927-B8C0-2E9EEFA5B88D}.Debug|Any CPU.Build.0 = Debug|Any CPU
		{23C86530-5CCE-4927-B8C0-2E9EEFA5B88D}.Release|Any CPU.ActiveCfg = Release|Any CPU
		{23C86530-5CCE-4927-B8C0-2E9EEFA5B88D}.Release|Any CPU.Build.0 = Release|Any CPU
		{C7F21EA3-4812-4697-9228-B59936BF66F6}.Debug|Any CPU.ActiveCfg = Debug|Any CPU
		{C7F21EA3-4812-4697-9228-B59936BF66F6}.Debug|Any CPU.Build.0 = Debug|Any CPU
		{C7F21EA3-4812-4697-9228-B59936BF66F6}.Release|Any CPU.ActiveCfg = Release|Any CPU
		{C7F21EA3-4812-4697-9228-B59936BF66F6}.Release|Any CPU.Build.0 = Release|Any CPU
		{939ED542-DE03-493A-B20A-398CF85223C7}.Debug|Any CPU.ActiveCfg = Debug|Any CPU
		{939ED542-DE03-493A-B20A-398CF85223C7}.Debug|Any CPU.Build.0 = Debug|Any CPU
		{939ED542-DE03-493A-B20A-398CF85223C7}.Release|Any CPU.ActiveCfg = Release|Any CPU
		{939ED542-DE03-493A-B20A-398CF85223C7}.Release|Any CPU.Build.0 = Release|Any CPU
	EndGlobalSection
	GlobalSection(SolutionProperties) = preSolution
		HideSolutionNode = FALSE
	EndGlobalSection
	GlobalSection(ExtensibilityGlobals) = postSolution
		SolutionGuid = {248E6749-CE68-49EF-9B1A-75BD31775847}
	EndGlobalSection
EndGlobal
